github.com/fengdotdev/golibs-helperfuncs v0.0.4 h1:oO/6I3g+HYLwiKy+d/hrAa8hKp5cMrhn2cmwR5gvUc0=
github.com/fengdotdev/golibs-helperfuncs v0.0.4/go.mod h1:n0hQcHlvgEEKGGD0M/+7DbIdNOx97SZu2qK4tEUQKYI=
github.com/fengdotdev/golibs-testing v0.1.1 h1:HnQp/hL1tMzu8vYG+tPU3xMJl8elwzSrt8/sSIohcJY=
github.com/fengdotdev/golibs-testing v0.1.1/go.mod h1:tNJmVem0VTk/bkRvMyf7/QRrnWTe/CAnkPsb4dFimwY=
github.com/fengdotdev/golibs-traits v0.2.1 h1:t/xnNRCYI0v+MrvFqUL3jnhfQFUGSGE1Gz9X1pPlXhA=
github.com/fengdotdev/golibs-traits v0.2.1/go.mod h1:Ky0MxYNvKRxrcm5PMJNXGtr5Hs/S9xpTpiNTBEbwMiI=
github.com/google/uuid v1.6.0 h1:NIvaJDMOsjHA8n1jAhLSgzrAzy1Hgr+hNrb57e+94F0=
github.com/google/uuid v1.6.0/go.mod h1:TIyPZe4MgqvfeYDBFedMoGGpEw/LqOeaOT+nhxU+yHo=
